
Microsoft Visual Studio Solution File, Format Version 12.00
Project("{FAE04EC0-301F-11D3-BF4B-00C04F79EFBC}") = "Test Programme", "Test Programme\Test Programme.csproj", "{CE4D6588-0468-4F98-BDC9-A4EDF285247C}"
EndProject
Global
	GlobalSection(SolutionConfigurationPlatforms) = preSolution
		Debug|Any CPU = Debug|Any CPU
		Release|Any CPU = Release|Any CPU
	EndGlobalSection
	GlobalSection(ProjectConfigurationPlatforms) = postSolution
		{CE4D6588-0468-4F98-BDC9-A4EDF285247C}.Debug|Any CPU.ActiveCfg = Debug|Any CPU
		{CE4D6588-0468-4F98-BDC9-A4EDF285247C}.Debug|Any CPU.Build.0 = Debug|Any CPU
		{CE4D6588-0468-4F98-BDC9-A4EDF285247C}.Release|Any CPU.ActiveCfg = Release|Any CPU
		{CE4D6588-0468-4F98-BDC9-A4EDF285247C}.Release|Any CPU.Build.0 = Release|Any CPU
	EndGlobalSection
EndGlobal
